
Microsoft Visual Studio Solution File, Format Version 12.00
# Visual Studio Version 16
VisualStudioVersion = 16.0.30330.147
MinimumVisualStudioVersion = 10.0.40219.1
Project("{D954291E-2A0B-460D-934E-DC6B0785DB48}") = "MusicPlayer.Shared", "MusicPlayer.Shared.shproj", "{6279C845-92F8-4333-AB99-3D213163593C}"
EndProject
Global
	GlobalSection(SharedMSBuildProjectFiles) = preSolution
		MusicPlayer.Shared.projitems*{6279c845-92f8-4333-ab99-3d213163593c}*SharedItemsImports = 13
	EndGlobalSection
	GlobalSection(SolutionProperties) = preSolution
		HideSolutionNode = FALSE
	EndGlobalSection
	GlobalSection(ExtensibilityGlobals) = postSolution
		SolutionGuid = {D2420EC5-13DE-479A-B456-E702C7800C35}
	EndGlobalSection
EndGlobal
